
Microsoft Visual Studio Solution File, Format Version 12.00
# Visual Studio Version 16
VisualStudioVersion = 16.0.32602.291
MinimumVisualStudioVersion = 10.0.40219.1
Project("{FAE04EC0-301F-11D3-BF4B-00C04F79EFBC}") = "Mulilayer.WebApi", "Mulilayer.WebApi\Mulilayer.WebApi.csproj", "{49086EDA-EDAA-4312-BD46-C48FBB23A0CC}"
	ProjectSection(ProjectDependencies) = postProject
		{75187C2F-7178-44F6-AF77-E4ECB9DBA21E} = {75187C2F-7178-44F6-AF77-E4ECB9DBA21E}
		{DB56EA90-8DC5-431B-934A-47AEF8F331E8} = {DB56EA90-8DC5-431B-934A-47AEF8F331E8}
		{42A40BA2-0E6E-42BA-A252-B3345409B9E4} = {42A40BA2-0E6E-42BA-A252-B3345409B9E4}
		{540110A9-0EF0-495D-8B67-3EF5B9B73424} = {540110A9-0EF0-495D-8B67-3EF5B9B73424}
		{2A5E8BF5-D9A6-4FB9-A8E9-C4E727102FCD} = {2A5E8BF5-D9A6-4FB9-A8E9-C4E727102FCD}
	EndProjectSection
EndProject
Project("{FAE04EC0-301F-11D3-BF4B-00C04F79EFBC}") = "Multilayer.Service", "Multilayer.Service\Multilayer.Service.csproj", "{75187C2F-7178-44F6-AF77-E4ECB9DBA21E}"
	ProjectSection(ProjectDependencies) = postProject
		{C317F972-2DD8-46F7-AD4A-5584EB9106AE} = {C317F972-2DD8-46F7-AD4A-5584EB9106AE}
		{DB56EA90-8DC5-431B-934A-47AEF8F331E8} = {DB56EA90-8DC5-431B-934A-47AEF8F331E8}
		{ABBA0C97-A05A-4FC0-9503-387984CD7148} = {ABBA0C97-A05A-4FC0-9503-387984CD7148}
		{42A40BA2-0E6E-42BA-A252-B3345409B9E4} = {42A40BA2-0E6E-42BA-A252-B3345409B9E4}
		{540110A9-0EF0-495D-8B67-3EF5B9B73424} = {540110A9-0EF0-495D-8B67-3EF5B9B73424}
		{2A5E8BF5-D9A6-4FB9-A8E9-C4E727102FCD} = {2A5E8BF5-D9A6-4FB9-A8E9-C4E727102FCD}
	EndProjectSection
EndProject
Project("{FAE04EC0-301F-11D3-BF4B-00C04F79EFBC}") = "Multilayer.Service.Common", "Multilayer.Service.Common\Multilayer.Service.Common.csproj", "{2A5E8BF5-D9A6-4FB9-A8E9-C4E727102FCD}"
EndProject
Project("{FAE04EC0-301F-11D3-BF4B-00C04F79EFBC}") = "Multilayer.Repository", "Multilayer.Repository\Multilayer.Repository.csproj", "{ABBA0C97-A05A-4FC0-9503-387984CD7148}"
	ProjectSection(ProjectDependencies) = postProject
		{24D08A30-5841-4BA2-A82A-63567903A72A} = {24D08A30-5841-4BA2-A82A-63567903A72A}
		{C317F972-2DD8-46F7-AD4A-5584EB9106AE} = {C317F972-2DD8-46F7-AD4A-5584EB9106AE}
		{DB56EA90-8DC5-431B-934A-47AEF8F331E8} = {DB56EA90-8DC5-431B-934A-47AEF8F331E8}
		{42A40BA2-0E6E-42BA-A252-B3345409B9E4} = {42A40BA2-0E6E-42BA-A252-B3345409B9E4}
		{540110A9-0EF0-495D-8B67-3EF5B9B73424} = {540110A9-0EF0-495D-8B67-3EF5B9B73424}
		{2A5E8BF5-D9A6-4FB9-A8E9-C4E727102FCD} = {2A5E8BF5-D9A6-4FB9-A8E9-C4E727102FCD}
	EndProjectSection
EndProject
Project("{FAE04EC0-301F-11D3-BF4B-00C04F79EFBC}") = "Multilayer.Repository.Common", "Multilayer.Repository.Common\Multilayer.Repository.Common.csproj", "{C317F972-2DD8-46F7-AD4A-5584EB9106AE}"
EndProject
Project("{FAE04EC0-301F-11D3-BF4B-00C04F79EFBC}") = "Multilayer.DAL", "Multilayer.DAL\Multilayer.DAL.csproj", "{24D08A30-5841-4BA2-A82A-63567903A72A}"
	ProjectSection(ProjectDependencies) = postProject
		{C317F972-2DD8-46F7-AD4A-5584EB9106AE} = {C317F972-2DD8-46F7-AD4A-5584EB9106AE}
		{DB56EA90-8DC5-431B-934A-47AEF8F331E8} = {DB56EA90-8DC5-431B-934A-47AEF8F331E8}
		{42A40BA2-0E6E-42BA-A252-B3345409B9E4} = {42A40BA2-0E6E-42BA-A252-B3345409B9E4}
		{540110A9-0EF0-495D-8B67-3EF5B9B73424} = {540110A9-0EF0-495D-8B67-3EF5B9B73424}
	EndProjectSection
EndProject
Project("{FAE04EC0-301F-11D3-BF4B-00C04F79EFBC}") = "Multilayer.Model", "Multilayer.Model\Multilayer.Model.csproj", "{42A40BA2-0E6E-42BA-A252-B3345409B9E4}"
EndProject
Project("{FAE04EC0-301F-11D3-BF4B-00C04F79EFBC}") = "Multilayer.Model.Common", "Multilayer.Model.Common\Multilayer.Model.Common.csproj", "{DB56EA90-8DC5-431B-934A-47AEF8F331E8}"
EndProject
Project("{FAE04EC0-301F-11D3-BF4B-00C04F79EFBC}") = "Multilayer.Common", "Multilayer.Common\Multilayer.Common.csproj", "{540110A9-0EF0-495D-8B67-3EF5B9B73424}"
EndProject
Global
	GlobalSection(SolutionConfigurationPlatforms) = preSolution
		Debug|Any CPU = Debug|Any CPU
		Release|Any CPU = Release|Any CPU
	EndGlobalSection
	GlobalSection(ProjectConfigurationPlatforms) = postSolution
		{49086EDA-EDAA-4312-BD46-C48FBB23A0CC}.Debug|Any CPU.ActiveCfg = Debug|Any CPU
		{49086EDA-EDAA-4312-BD46-C48FBB23A0CC}.Debug|Any CPU.Build.0 = Debug|Any CPU
		{49086EDA-EDAA-4312-BD46-C48FBB23A0CC}.Release|Any CPU.ActiveCfg = Release|Any CPU
		{49086EDA-EDAA-4312-BD46-C48FBB23A0CC}.Release|Any CPU.Build.0 = Release|Any CPU
		{75187C2F-7178-44F6-AF77-E4ECB9DBA21E}.Debug|Any CPU.ActiveCfg = Debug|Any CPU
		{75187C2F-7178-44F6-AF77-E4ECB9DBA21E}.Debug|Any CPU.Build.0 = Debug|Any CPU
		{75187C2F-7178-44F6-AF77-E4ECB9DBA21E}.Release|Any CPU.ActiveCfg = Release|Any CPU
		{75187C2F-7178-44F6-AF77-E4ECB9DBA21E}.Release|Any CPU.Build.0 = Release|Any CPU
		{2A5E8BF5-D9A6-4FB9-A8E9-C4E727102FCD}.Debug|Any CPU.ActiveCfg = Debug|Any CPU
		{2A5E8BF5-D9A6-4FB9-A8E9-C4E727102FCD}.Debug|Any CPU.Build.0 = Debug|Any CPU
		{2A5E8BF5-D9A6-4FB9-A8E9-C4E727102FCD}.Release|Any CPU.ActiveCfg = Release|Any CPU
		{2A5E8BF5-D9A6-4FB9-A8E9-C4E727102FCD}.Release|Any CPU.Build.0 = Release|Any CPU
		{ABBA0C97-A05A-4FC0-9503-387984CD7148}.Debug|Any CPU.ActiveCfg = Debug|Any CPU
		{ABBA0C97-A05A-4FC0-9503-387984CD7148}.Debug|Any CPU.Build.0 = Debug|Any CPU
		{ABBA0C97-A05A-4FC0-9503-387984CD7148}.Release|Any CPU.ActiveCfg = Release|Any CPU
		{ABBA0C97-A05A-4FC0-9503-387984CD7148}.Release|Any CPU.Build.0 = Release|Any CPU
		{C317F972-2DD8-46F7-AD4A-5584EB9106AE}.Debug|Any CPU.ActiveCfg = Debug|Any CPU
		{C317F972-2DD8-46F7-AD4A-5584EB9106AE}.Debug|Any CPU.Build.0 = Debug|Any CPU
		{C317F972-2DD8-46F7-AD4A-5584EB9106AE}.Release|Any CPU.ActiveCfg = Release|Any CPU
		{C317F972-2DD8-46F7-AD4A-5584EB9106AE}.Release|Any CPU.Build.0 = Release|Any CPU
		{24D08A30-5841-4BA2-A82A-63567903A72A}.Debug|Any CPU.ActiveCfg = Debug|Any CPU
		{24D08A30-5841-4BA2-A82A-63567903A72A}.Debug|Any CPU.Build.0 = Debug|Any CPU
		{24D08A30-5841-4BA2-A82A-63567903A72A}.Release|Any CPU.ActiveCfg = Release|Any CPU
		{24D08A30-5841-4BA2-A82A-63567903A72A}.Release|Any CPU.Build.0 = Release|Any CPU
		{42A40BA2-0E6E-42BA-A252-B3345409B9E4}.Debug|Any CPU.ActiveCfg = Debug|Any CPU
		{42A40BA2-0E6E-42BA-A252-B3345409B9E4}.Debug|Any CPU.Build.0 = Debug|Any CPU
		{42A40BA2-0E6E-42BA-A252-B3345409B9E4}.Release|Any CPU.ActiveCfg = Release|Any CPU
		{42A40BA2-0E6E-42BA-A252-B3345409B9E4}.Release|Any CPU.Build.0 = Release|Any CPU
		{DB56EA90-8DC5-431B-934A-47AEF8F331E8}.Debug|Any CPU.ActiveCfg = Debug|Any CPU
		{DB56EA90-8DC5-431B-934A-47AEF8F331E8}.Debug|Any CPU.Build.0 = Debug|Any CPU
		{DB56EA90-8DC5-431B-934A-47AEF8F331E8}.Release|Any CPU.ActiveCfg = Release|Any CPU
		{DB56EA90-8DC5-431B-934A-47AEF8F331E8}.Release|Any CPU.Build.0 = Release|Any CPU
		{540110A9-0EF0-495D-8B67-3EF5B9B73424}.Debug|Any CPU.ActiveCfg = Debug|Any CPU
		{540110A9-0EF0-495D-8B67-3EF5B9B73424}.Debug|Any CPU.Build.0 = Debug|Any CPU
		{540110A9-0EF0-495D-8B67-3EF5B9B73424}.Release|Any CPU.ActiveCfg = Release|Any CPU
		{540110A9-0EF0-495D-8B67-3EF5B9B73424}.Release|Any CPU.Build.0 = Release|Any CPU
	EndGlobalSection
	GlobalSection(SolutionProperties) = preSolution
		HideSolutionNode = FALSE
	EndGlobalSection
	GlobalSection(ExtensibilityGlobals) = postSolution
		SolutionGuid = {77606592-636C-4966-9A40-84B1CA8E2886}
	EndGlobalSection
EndGlobal
